
Microsoft Visual Studio Solution File, Format Version 12.00
# Visual Studio 15
VisualStudioVersion = 15.0.28010.2003
MinimumVisualStudioVersion = 10.0.40219.1
Project("{888888A0-9F3D-457C-B088-3A5042F75D52}") = "RestorationPlusPros", "RestorationPlusPros\RestorationPlusPros.pyproj", "{338C9575-3159-4CAE-82B0-E40647535D65}"
EndProject
Global
	GlobalSection(SolutionConfigurationPlatforms) = preSolution
		Debug|Any CPU = Debug|Any CPU
		Release|Any CPU = Release|Any CPU
	EndGlobalSection
	GlobalSection(ProjectConfigurationPlatforms) = postSolution
		{338C9575-3159-4CAE-82B0-E40647535D65}.Debug|Any CPU.ActiveCfg = Debug|Any CPU
		{338C9575-3159-4CAE-82B0-E40647535D65}.Debug|Any CPU.Build.0 = Debug|Any CPU
		{338C9575-3159-4CAE-82B0-E40647535D65}.Release|Any CPU.ActiveCfg = Release|Any CPU
		{338C9575-3159-4CAE-82B0-E40647535D65}.Release|Any CPU.Build.0 = Release|Any CPU
	EndGlobalSection
	GlobalSection(SolutionProperties) = preSolution
		HideSolutionNode = FALSE
	EndGlobalSection
	GlobalSection(ExtensibilityGlobals) = postSolution
		SolutionGuid = {5049DFE2-C751-48E1-AAE8-50BAEC7AD0C8}
	EndGlobalSection
EndGlobal
